
Microsoft Visual Studio Solution File, Format Version 12.00
# Visual Studio Version 16
VisualStudioVersion = 16.0.30320.27
MinimumVisualStudioVersion = 10.0.40219.1
Project("{FAE04EC0-301F-11D3-BF4B-00C04F79EFBC}") = "ProjetoEduxRemake", "ProjetoEduxRemake.csproj", "{45D8DA3D-6534-4D26-B106-DC528D46A0AD}"
EndProject
Global
	GlobalSection(SolutionConfigurationPlatforms) = preSolution
		Debug|Any CPU = Debug|Any CPU
		Release|Any CPU = Release|Any CPU
	EndGlobalSection
	GlobalSection(ProjectConfigurationPlatforms) = postSolution
		{45D8DA3D-6534-4D26-B106-DC528D46A0AD}.Debug|Any CPU.ActiveCfg = Debug|Any CPU
		{45D8DA3D-6534-4D26-B106-DC528D46A0AD}.Debug|Any CPU.Build.0 = Debug|Any CPU
		{45D8DA3D-6534-4D26-B106-DC528D46A0AD}.Release|Any CPU.ActiveCfg = Release|Any CPU
		{45D8DA3D-6534-4D26-B106-DC528D46A0AD}.Release|Any CPU.Build.0 = Release|Any CPU
	EndGlobalSection
	GlobalSection(SolutionProperties) = preSolution
		HideSolutionNode = FALSE
	EndGlobalSection
	GlobalSection(ExtensibilityGlobals) = postSolution
		SolutionGuid = {1183564D-E1DE-47A7-8228-D7C1A21CF081}
	EndGlobalSection
EndGlobal
